github.com/vyberd/animation v0.0.0-20230508130027-2690604c4369 h1:whFrYfmXxKydGtrQuFpHLpXms9XAQ9WaD3rltvk7Se4=
github.com/vyberd/animation v0.0.0-20230508130027-2690604c4369/go.mod h1:qAS+FerjvdbAVYxJf3ABbBdX5jjnILVclfBwxJC4UmA=
github.com/vyberd/animation v0.0.0-20230508132901-479aeb059716 h1:FJp0ahY9tDvRFzbfJVpzc582T1AqWvSSHI1WPsXMiuM=
github.com/vyberd/animation v0.0.0-20230508132901-479aeb059716/go.mod h1:zbuZg2ua2PMmbn9YOzCpbAlVwIGk1Ru+v9DteRMgUuk=
github.com/vyberd/base v0.0.0-20230508130031-b47e717c60be h1:lr44VOSIvZGAJDImquJpRxXWE02wX5ldnlG+3q0dd8U=
github.com/vyberd/base v0.0.0-20230508130031-b47e717c60be/go.mod h1:K3PO96Ici2uAPuB2T2LNYWTJ9PGt3YAWC+tm7RppKTI=
github.com/vyberd/base v0.0.0-20230508133003-1ce6df12ab1d h1:3S6zsXMmk+3rpwq3YwKSMTQXZHhk5fyEDddGdaBXf08=
github.com/vyberd/base v0.0.0-20230508133003-1ce6df12ab1d/go.mod h1:2vt/cIsWLjkf8lg5DuHFvPfOWghPfMoVDgSUKcGLaMc=
github.com/vyberd/base v0.0.0-20230508142947-3df1ad9e09d4 h1:p9w4xSYXtr0fTxiPTsrl6O4g8H6l3KVSOEzsseq2rTI=
github.com/vyberd/base v0.0.0-20230508142947-3df1ad9e09d4/go.mod h1:2vt/cIsWLjkf8lg5DuHFvPfOWghPfMoVDgSUKcGLaMc=
github.com/vyberd/base v0.0.0-20230513051601-9b4bf39814fd h1:fRAkocj54xY36XYeWQ6ragvur3PWknPNPPzdGyRvqJ0=
github.com/vyberd/base v0.0.0-20230513051601-9b4bf39814fd/go.mod h1:Ppv03xnOQW9Kh4Uh//VC7i3MfTu1bRlnx2Ng5U+1HwQ=
github.com/vyberd/base v0.0.0-20230513053638-de7cd17be5ee h1:3N07FF0sJFw9/d6G7k+W1awEaFBOk33/9oV5/7bQxyI=
github.com/vyberd/base v0.0.0-20230513053638-de7cd17be5ee/go.mod h1:EWVMrnECY+QBI2Dlrz/0OVxNKg+xyhp5LYy3l8CZcbo=
github.com/vyberd/base v0.0.0-20230513063954-bca7e1f14057 h1:pVDx4g5f+t96FVNThRjyMAM13PdHpIZTrjdaBgsd/kY=
github.com/vyberd/base v0.0.0-20230513063954-bca7e1f14057/go.mod h1:DyNI4BUbR9D4fwiLtlWVzRCyzRboABZ0uNYcfh0RLrc=
github.com/vyberd/base v0.0.0-20230514053632-6a9321bf7545 h1:km/zqoIpb14BSKTij5/UlFfuxhIiBTRqzy1AVK+lB/k=
github.com/vyberd/base v0.0.0-20230514053632-6a9321bf7545/go.mod h1:DyNI4BUbR9D4fwiLtlWVzRCyzRboABZ0uNYcfh0RLrc=
github.com/vyberd/base v0.0.0-20230516082231-3f1c5f6e9895 h1:0wS3e5px6MAcY3m2xzAjLWinR0iNZBCRomEXKgetFX0=
github.com/vyberd/base v0.0.0-20230516082231-3f1c5f6e9895/go.mod h1:ga2XN2Jp3gTNI7qHBXeJE/OID5EdUjjlykbwtV/9RgY=
github.com/vyberd/base v0.0.0-20230607073226-8cfee778e69e h1:8NjasJ3xy7D2m+du/npH91NqUwYK8zYAaG3W/JK+a0g=
github.com/vyberd/base v0.0.0-20230607073226-8cfee778e69e/go.mod h1:ga2XN2Jp3gTNI7qHBXeJE/OID5EdUjjlykbwtV/9RgY=
github.com/vyberd/navbar v0.0.0-20230508130054-619491a0ff61 h1:3R0qrpiEVyJ7T2WAm7qxIR2mxoxxRS4x70FNugVz8oI=
github.com/vyberd/navbar v0.0.0-20230508130054-619491a0ff61/go.mod h1:rkjD79Mr+wjMZQHTAs72w1FjgIcU1Rfw15sL/rB/3ME=
github.com/vyberd/navbar v0.0.0-20230508133021-b2159fa4beba h1:bNN2mEQsX6hvLTdAEJDqpsuRvaOrMNATJEGTabuYDNQ=
github.com/vyberd/navbar v0.0.0-20230508133021-b2159fa4beba/go.mod h1:775W0Vi6zPXBp60LULlYMbdijvhr1GsUJRnHNYsML9c=
github.com/vyberd/navbar v0.0.0-20230509072641-ee2dda386a72 h1:xbdArJnADwZGVZKaY8TVbt0Ml59AVLBIv2F3w82hlfE=
github.com/vyberd/navbar v0.0.0-20230509072641-ee2dda386a72/go.mod h1:775W0Vi6zPXBp60LULlYMbdijvhr1GsUJRnHNYsML9c=
github.com/vyberd/navbar v0.0.0-20230617155318-eefba23a7e71 h1:TbDFxyc6jgFvJrZNSu5ea/Tte/1VyA8qh3JA+ZWtMnw=
github.com/vyberd/navbar v0.0.0-20230617155318-eefba23a7e71/go.mod h1:775W0Vi6zPXBp60LULlYMbdijvhr1GsUJRnHNYsML9c=
github.com/vyberd/navbar v0.0.0-20230618050854-30fd4288bb05 h1:Mq1XS1dlF8JBI59OszhrPbQZojpcZrNGSpKRlQ8XzY0=
github.com/vyberd/navbar v0.0.0-20230618050854-30fd4288bb05/go.mod h1:775W0Vi6zPXBp60LULlYMbdijvhr1GsUJRnHNYsML9c=
github.com/vyberd/popup v0.0.0-20230513063917-d989287df810 h1:jA6Yg+RX5JiopBz7/DmErobwvmG5/NMaE5uEsaD3JMI=
github.com/vyberd/popup v0.0.0-20230513063917-d989287df810/go.mod h1:q2Rg13Y0oogk6tJAHjF1OLLbPk+8rfMxkmQHyo/uZik=
github.com/vyberd/stylesheet v0.0.0-20230508130157-e93394cab397 h1:uUQKe8f5aRRuYMI32jpOvBQ70Dro4mL5mjxN6dNb8Pc=
github.com/vyberd/stylesheet v0.0.0-20230508130157-e93394cab397/go.mod h1:jrD+CjwvTp7At11ZXIyv0fWTaVy9V/RLLwUui5n0KEI=
github.com/vyberd/stylesheet v0.0.0-20230508132951-d62b845355ed h1:LO6wO57O4M8mahqwkQcbJlDFR+V9nftTtX9dpUFqlcc=
github.com/vyberd/stylesheet v0.0.0-20230508132951-d62b845355ed/go.mod h1:RPgxnbH2FhJj5QUwQGAhnZxpp/zCbVUUrWUJ2G3bNwg=
